
Microsoft Visual Studio Solution File, Format Version 12.00
# Visual Studio Version 17
VisualStudioVersion = 17.1.32407.343
MinimumVisualStudioVersion = 10.0.40219.1
Project("{8BC9CEB8-8B4A-11D0-8D11-00A0C91BC942}") = "valdez34lab1", "valdez34lab1\valdez34lab1.vcxproj", "{6ED20692-FF64-4480-B4AA-2FB34DE2DFB7}"
EndProject
Global
	GlobalSection(SolutionConfigurationPlatforms) = preSolution
		Debug|x64 = Debug|x64
		Debug|x86 = Debug|x86
		Release|x64 = Release|x64
		Release|x86 = Release|x86
	EndGlobalSection
	GlobalSection(ProjectConfigurationPlatforms) = postSolution
		{6ED20692-FF64-4480-B4AA-2FB34DE2DFB7}.Debug|x64.ActiveCfg = Debug|x64
		{6ED20692-FF64-4480-B4AA-2FB34DE2DFB7}.Debug|x64.Build.0 = Debug|x64
		{6ED20692-FF64-4480-B4AA-2FB34DE2DFB7}.Debug|x86.ActiveCfg = Debug|Win32
		{6ED20692-FF64-4480-B4AA-2FB34DE2DFB7}.Debug|x86.Build.0 = Debug|Win32
		{6ED20692-FF64-4480-B4AA-2FB34DE2DFB7}.Release|x64.ActiveCfg = Release|x64
		{6ED20692-FF64-4480-B4AA-2FB34DE2DFB7}.Release|x64.Build.0 = Release|x64
		{6ED20692-FF64-4480-B4AA-2FB34DE2DFB7}.Release|x86.ActiveCfg = Release|Win32
		{6ED20692-FF64-4480-B4AA-2FB34DE2DFB7}.Release|x86.Build.0 = Release|Win32
	EndGlobalSection
	GlobalSection(SolutionProperties) = preSolution
		HideSolutionNode = FALSE
	EndGlobalSection
	GlobalSection(ExtensibilityGlobals) = postSolution
		SolutionGuid = {D41FBE01-66E7-4CCB-94FA-C28E640D4BA4}
	EndGlobalSection
EndGlobal
